
Microsoft Visual Studio Solution File, Format Version 12.00
# Visual Studio Version 16
VisualStudioVersion = 16.0.29326.143
MinimumVisualStudioVersion = 10.0.40219.1
Project("{FAE04EC0-301F-11D3-BF4B-00C04F79EFBC}") = "CrocLinks.UI", "CrocLinks.UI\CrocLinks.UI.csproj", "{EE43F19D-884E-449F-A999-8D431490B16E}"
EndProject
Project("{FAE04EC0-301F-11D3-BF4B-00C04F79EFBC}") = "CrocLinks.API", "CrocLinks.API\CrocLinks.API.csproj", "{4CB814E5-7E1D-464D-8CC5-3996A8355DF0}"
EndProject
Global
	GlobalSection(SolutionConfigurationPlatforms) = preSolution
		Debug|Any CPU = Debug|Any CPU
		Release|Any CPU = Release|Any CPU
	EndGlobalSection
	GlobalSection(ProjectConfigurationPlatforms) = postSolution
		{EE43F19D-884E-449F-A999-8D431490B16E}.Debug|Any CPU.ActiveCfg = Debug|Any CPU
		{EE43F19D-884E-449F-A999-8D431490B16E}.Debug|Any CPU.Build.0 = Debug|Any CPU
		{EE43F19D-884E-449F-A999-8D431490B16E}.Release|Any CPU.ActiveCfg = Release|Any CPU
		{EE43F19D-884E-449F-A999-8D431490B16E}.Release|Any CPU.Build.0 = Release|Any CPU
		{4CB814E5-7E1D-464D-8CC5-3996A8355DF0}.Debug|Any CPU.ActiveCfg = Debug|Any CPU
		{4CB814E5-7E1D-464D-8CC5-3996A8355DF0}.Debug|Any CPU.Build.0 = Debug|Any CPU
		{4CB814E5-7E1D-464D-8CC5-3996A8355DF0}.Release|Any CPU.ActiveCfg = Release|Any CPU
		{4CB814E5-7E1D-464D-8CC5-3996A8355DF0}.Release|Any CPU.Build.0 = Release|Any CPU
	EndGlobalSection
	GlobalSection(SolutionProperties) = preSolution
		HideSolutionNode = FALSE
	EndGlobalSection
	GlobalSection(ExtensibilityGlobals) = postSolution
		SolutionGuid = {D573D83E-BB41-4AC9-BC26-CFBE0442ED03}
	EndGlobalSection
EndGlobal
